
Microsoft Visual Studio Solution File, Format Version 12.00
# Visual Studio 2013
VisualStudioVersion = 12.0.21005.1
MinimumVisualStudioVersion = 10.0.40219.1
Project("{2150E333-8FDC-42A3-9474-1A3956D46DE8}") = "DataAccess", "DataAccess", "{30D73CA3-D3D7-47EB-98BF-C992BF37AEFA}"
EndProject
Project("{2150E333-8FDC-42A3-9474-1A3956D46DE8}") = "Model", "Model", "{61C9BE3D-C6A9-4933-BB59-C084EC50385C}"
EndProject
Project("{2150E333-8FDC-42A3-9474-1A3956D46DE8}") = "Provider", "Provider", "{3C66F85B-094F-4766-8D57-89F595B1B59E}"
EndProject
Project("{FAE04EC0-301F-11D3-BF4B-00C04F79EFBC}") = "Git.Storage.IDataAccess", "Git.Storage.IDataAccess\Git.Storage.IDataAccess.csproj", "{A5E5D75F-7A39-4E34-A9AA-519901B89114}"
EndProject
Project("{FAE04EC0-301F-11D3-BF4B-00C04F79EFBC}") = "Git.Storage.DataAccess", "Git.Storage.DataAccess\Git.Storage.DataAccess.csproj", "{3A7282E9-8371-4255-A7E6-600A111F03D1}"
EndProject
Project("{FAE04EC0-301F-11D3-BF4B-00C04F79EFBC}") = "Git.Storage.Entity", "Git.Storage.Entity\Git.Storage.Entity.csproj", "{62F1847E-3906-43DA-A80F-9977FB31F5EA}"
EndProject
Project("{FAE04EC0-301F-11D3-BF4B-00C04F79EFBC}") = "Git.Storage.Common", "Git.Storage.Common\Git.Storage.Common.csproj", "{7061BE81-6A7B-4773-8BEF-FAD51A88D522}"
EndProject
Project("{FAE04EC0-301F-11D3-BF4B-00C04F79EFBC}") = "Git.Storage.Web", "Git.Storage.Web\Git.Storage.Web.csproj", "{0CFD60DC-746E-43CD-B217-A1B06F18BA7D}"
EndProject
Project("{FAE04EC0-301F-11D3-BF4B-00C04F79EFBC}") = "Git.Storage.Provider", "Git.Storage.Provider\Git.Storage.Provider.csproj", "{0B7C5DAD-F7CB-45AF-B97D-A5F05BBD235A}"
EndProject
Global
	GlobalSection(SolutionConfigurationPlatforms) = preSolution
		Debug|Any CPU = Debug|Any CPU
		Release|Any CPU = Release|Any CPU
	EndGlobalSection
	GlobalSection(ProjectConfigurationPlatforms) = postSolution
		{A5E5D75F-7A39-4E34-A9AA-519901B89114}.Debug|Any CPU.ActiveCfg = Debug|Any CPU
		{A5E5D75F-7A39-4E34-A9AA-519901B89114}.Debug|Any CPU.Build.0 = Debug|Any CPU
		{A5E5D75F-7A39-4E34-A9AA-519901B89114}.Release|Any CPU.ActiveCfg = Release|Any CPU
		{A5E5D75F-7A39-4E34-A9AA-519901B89114}.Release|Any CPU.Build.0 = Release|Any CPU
		{3A7282E9-8371-4255-A7E6-600A111F03D1}.Debug|Any CPU.ActiveCfg = Debug|Any CPU
		{3A7282E9-8371-4255-A7E6-600A111F03D1}.Debug|Any CPU.Build.0 = Debug|Any CPU
		{3A7282E9-8371-4255-A7E6-600A111F03D1}.Release|Any CPU.ActiveCfg = Release|Any CPU
		{3A7282E9-8371-4255-A7E6-600A111F03D1}.Release|Any CPU.Build.0 = Release|Any CPU
		{62F1847E-3906-43DA-A80F-9977FB31F5EA}.Debug|Any CPU.ActiveCfg = Debug|Any CPU
		{62F1847E-3906-43DA-A80F-9977FB31F5EA}.Debug|Any CPU.Build.0 = Debug|Any CPU
		{62F1847E-3906-43DA-A80F-9977FB31F5EA}.Release|Any CPU.ActiveCfg = Release|Any CPU
		{62F1847E-3906-43DA-A80F-9977FB31F5EA}.Release|Any CPU.Build.0 = Release|Any CPU
		{7061BE81-6A7B-4773-8BEF-FAD51A88D522}.Debug|Any CPU.ActiveCfg = Debug|Any CPU
		{7061BE81-6A7B-4773-8BEF-FAD51A88D522}.Debug|Any CPU.Build.0 = Debug|Any CPU
		{7061BE81-6A7B-4773-8BEF-FAD51A88D522}.Release|Any CPU.ActiveCfg = Release|Any CPU
		{7061BE81-6A7B-4773-8BEF-FAD51A88D522}.Release|Any CPU.Build.0 = Release|Any CPU
		{0CFD60DC-746E-43CD-B217-A1B06F18BA7D}.Debug|Any CPU.ActiveCfg = Debug|Any CPU
		{0CFD60DC-746E-43CD-B217-A1B06F18BA7D}.Debug|Any CPU.Build.0 = Debug|Any CPU
		{0CFD60DC-746E-43CD-B217-A1B06F18BA7D}.Release|Any CPU.ActiveCfg = Release|Any CPU
		{0CFD60DC-746E-43CD-B217-A1B06F18BA7D}.Release|Any CPU.Build.0 = Release|Any CPU
		{0B7C5DAD-F7CB-45AF-B97D-A5F05BBD235A}.Debug|Any CPU.ActiveCfg = Debug|Any CPU
		{0B7C5DAD-F7CB-45AF-B97D-A5F05BBD235A}.Debug|Any CPU.Build.0 = Debug|Any CPU
		{0B7C5DAD-F7CB-45AF-B97D-A5F05BBD235A}.Release|Any CPU.ActiveCfg = Release|Any CPU
		{0B7C5DAD-F7CB-45AF-B97D-A5F05BBD235A}.Release|Any CPU.Build.0 = Release|Any CPU
	EndGlobalSection
	GlobalSection(SolutionProperties) = preSolution
		HideSolutionNode = FALSE
	EndGlobalSection
	GlobalSection(NestedProjects) = preSolution
		{A5E5D75F-7A39-4E34-A9AA-519901B89114} = {30D73CA3-D3D7-47EB-98BF-C992BF37AEFA}
		{3A7282E9-8371-4255-A7E6-600A111F03D1} = {30D73CA3-D3D7-47EB-98BF-C992BF37AEFA}
		{62F1847E-3906-43DA-A80F-9977FB31F5EA} = {61C9BE3D-C6A9-4933-BB59-C084EC50385C}
		{7061BE81-6A7B-4773-8BEF-FAD51A88D522} = {61C9BE3D-C6A9-4933-BB59-C084EC50385C}
		{0B7C5DAD-F7CB-45AF-B97D-A5F05BBD235A} = {3C66F85B-094F-4766-8D57-89F595B1B59E}
	EndGlobalSection
EndGlobal
